
Microsoft Visual Studio Solution File, Format Version 12.00
# Visual Studio Version 17
VisualStudioVersion = 17.2.32630.192
MinimumVisualStudioVersion = 10.0.40219.1
Project("{FAE04EC0-301F-11D3-BF4B-00C04F79EFBC}") = "ToDoApplication", "ToDoApplication\ToDoApplication.csproj", "{98C08887-CD3A-4676-898A-0309DC906C15}"
EndProject
Global
	GlobalSection(SolutionConfigurationPlatforms) = preSolution
		Debug|Any CPU = Debug|Any CPU
		Release|Any CPU = Release|Any CPU
	EndGlobalSection
	GlobalSection(ProjectConfigurationPlatforms) = postSolution
		{98C08887-CD3A-4676-898A-0309DC906C15}.Debug|Any CPU.ActiveCfg = Debug|Any CPU
		{98C08887-CD3A-4676-898A-0309DC906C15}.Debug|Any CPU.Build.0 = Debug|Any CPU
		{98C08887-CD3A-4676-898A-0309DC906C15}.Release|Any CPU.ActiveCfg = Release|Any CPU
		{98C08887-CD3A-4676-898A-0309DC906C15}.Release|Any CPU.Build.0 = Release|Any CPU
	EndGlobalSection
	GlobalSection(SolutionProperties) = preSolution
		HideSolutionNode = FALSE
	EndGlobalSection
	GlobalSection(ExtensibilityGlobals) = postSolution
		SolutionGuid = {8D3A8228-B00F-4AAD-9179-36D6D6AB2931}
	EndGlobalSection
EndGlobal
